
Microsoft Visual Studio Solution File, Format Version 12.00
# Visual Studio Version 17
VisualStudioVersion = 17.0.32014.148
MinimumVisualStudioVersion = 10.0.40219.1
Project("{2150E333-8FDC-42A3-9474-1A3956D46DE8}") = "Libraries", "Libraries", "{DCB15140-5B57-413D-8FA4-85EAB9BB6F0C}"
EndProject
Project("{2150E333-8FDC-42A3-9474-1A3956D46DE8}") = "Services", "Services", "{5AE2C5C5-DEA8-45C7-8B7D-9E481B7D701C}"
EndProject
Project("{2150E333-8FDC-42A3-9474-1A3956D46DE8}") = "Tests", "Tests", "{5396A3B3-AB60-4FF3-B499-59F5BD16D4A5}"
EndProject
Project("{9A19103F-16F7-4668-BE54-9A1E7A4F7556}") = "ITM.Interfaces", "Libraries\ITM.Interfaces\ITM.Interfaces.csproj", "{A5139084-5F51-4D70-BFFA-039509B035B5}"
EndProject
Project("{2150E333-8FDC-42A3-9474-1A3956D46DE8}") = "SourceApi", "SourceApi", "{7FE1344A-5A53-4E6D-92BB-45299C310F86}"
EndProject
Project("{9A19103F-16F7-4668-BE54-9A1E7A4F7556}") = "ITM.SEC.Api", "SourceApi\ITM.SEC.Api\ITM.SEC.Api.csproj", "{DEB61CE0-5E55-46C5-B1F1-B699D48722D2}"
EndProject
Project("{9A19103F-16F7-4668-BE54-9A1E7A4F7556}") = "ITM.Test.SEC.Api", "Tests\ITM.Test.SEC.Api\ITM.Test.SEC.Api.csproj", "{74D477EF-DA8B-4BAE-8A49-C33428D845CC}"
EndProject
Project("{2150E333-8FDC-42A3-9474-1A3956D46DE8}") = "Parsers", "Parsers", "{CE6DC437-1328-44C9-B5E7-5A7F3DBD3EA5}"
EndProject
Project("{9A19103F-16F7-4668-BE54-9A1E7A4F7556}") = "ITM.Parser.Form4", "Parsers\ITM.Parser.Form4\ITM.Parser.Form4.csproj", "{FA50CE06-2239-45BF-8678-70C820E0996C}"
EndProject
Project("{9A19103F-16F7-4668-BE54-9A1E7A4F7556}") = "ITM.Test.Form4Parser", "Tests\ITM.Test.Form4Parser\ITM.Test.Form4Parser.csproj", "{43F052E4-458B-4A9C-B505-78CFE8A4E86D}"
EndProject
Project("{9A19103F-16F7-4668-BE54-9A1E7A4F7556}") = "ITM.Test.Common", "Tests\ITM.Test.Common\ITM.Test.Common.csproj", "{0AD0F2E9-26E1-4D57-81E4-60806F31E8CB}"
EndProject
Project("{9A19103F-16F7-4668-BE54-9A1E7A4F7556}") = "ITM.DAL.Interfaces", "Libraries\ITM.DAL.Interfaces\ITM.DAL.Interfaces.csproj", "{6205E7D4-7196-440A-B3CF-3BCAF83066CC}"
EndProject
Project("{9A19103F-16F7-4668-BE54-9A1E7A4F7556}") = "ITM.DAL.MSSQL", "Libraries\ITM.DAL.MSSQL\ITM.DAL.MSSQL.csproj", "{EFBB9D59-7B5F-4627-98FA-C654DE5F04E7}"
EndProject
Project("{9A19103F-16F7-4668-BE54-9A1E7A4F7556}") = "ITM.Common", "Libraries\ITM.Common\ITM.Common.csproj", "{8FBF1442-EA45-4152-95E7-23F8E5158B54}"
EndProject
Project("{9A19103F-16F7-4668-BE54-9A1E7A4F7556}") = "ITM.Utils", "ITM.Utils\ITM.Utils.csproj", "{96E62483-060E-4932-85F5-DFE70541B0AE}"
EndProject
Project("{9A19103F-16F7-4668-BE54-9A1E7A4F7556}") = "ITM.DTO", "Libraries\ITM.DTO\ITM.DTO.csproj", "{8AFC1449-995C-4BD5-91F2-BDD8F78AF5F5}"
EndProject
Project("{9A19103F-16F7-4668-BE54-9A1E7A4F7556}") = "ITM.Logging", "Libraries\ITM.Logging\ITM.Logging.csproj", "{0A970EA7-B21C-4A7E-8DB6-25C9D762C3B6}"
EndProject
Project("{9A19103F-16F7-4668-BE54-9A1E7A4F7556}") = "ITM.Source.SEC", "SourceApi\ITM.Source.SEC\ITM.Source.SEC.csproj", "{E3780258-AA0C-489A-85D7-1C9E4CBA0A38}"
EndProject
Project("{9A19103F-16F7-4668-BE54-9A1E7A4F7556}") = "ITM.Test.Source.SEC", "Tests\ITM.Test.Source.SEC\ITM.Test.Source.SEC.csproj", "{4D90CF46-6745-4A51-87D1-C60E6D60A0F2}"
EndProject
Project("{9A19103F-16F7-4668-BE54-9A1E7A4F7556}") = "ITM.Services.Common", "Services\ITM.Services.Common\ITM.Services.Common.csproj", "{4333837B-671C-4893-93A9-35D5377BF665}"
EndProject
Project("{9A19103F-16F7-4668-BE54-9A1E7A4F7556}") = "ITM.Services.DAL", "Services\ITM.Services.DAL\ITM.Services.DAL.csproj", "{427695BB-4322-412F-BD20-C693EA7627D8}"
EndProject
Project("{9A19103F-16F7-4668-BE54-9A1E7A4F7556}") = "ITM.Test.DAL.MSSQL", "Tests\ITM.Test.DAL.MSSQL\ITM.Test.DAL.MSSQL.csproj", "{877ECA9A-5ED8-4282-ABF0-54AFBD3918D3}"
EndProject
Project("{9A19103F-16F7-4668-BE54-9A1E7A4F7556}") = "ITM.Function.ImportForm4Reports", "Services\ITM.Function.ImportForm4Reports\ITM.Function.ImportForm4Reports.csproj", "{A2CB5BFA-8CB0-4DBF-9A47-5A0232C41181}"
EndProject
Project("{9A19103F-16F7-4668-BE54-9A1E7A4F7556}") = "ITM.Functions.Common", "Services\ITM.Functions.Common\ITM.Functions.Common.csproj", "{29F7A709-4DFB-4758-A8B3-1A7822F092F3}"
EndProject
Project("{9A19103F-16F7-4668-BE54-9A1E7A4F7556}") = "ITM.Test.Function.ImportForm4Reports", "Tests\ITM.Test.Function.ImportForm4Reports\ITM.Test.Function.ImportForm4Reports.csproj", "{568721E4-17A8-470D-8837-7807BE920525}"
EndProject
Project("{9A19103F-16F7-4668-BE54-9A1E7A4F7556}") = "ITM.Service.API", "Services\ITM.Service.API\ITM.Service.API.csproj", "{AFCFCF1B-78F9-404C-957E-CAAB01F0B609}"
EndProject
Project("{9A19103F-16F7-4668-BE54-9A1E7A4F7556}") = "ITM.Test.Service.API", "Tests\ITM.Test.Service.API\ITM.Test.Service.API.csproj", "{E61FCF4B-34D7-4EB3-B835-9225C8A51BA4}"
EndProject
Global
	GlobalSection(SolutionConfigurationPlatforms) = preSolution
		Debug|Any CPU = Debug|Any CPU
		Release|Any CPU = Release|Any CPU
	EndGlobalSection
	GlobalSection(ProjectConfigurationPlatforms) = postSolution
		{A5139084-5F51-4D70-BFFA-039509B035B5}.Debug|Any CPU.ActiveCfg = Debug|Any CPU
		{A5139084-5F51-4D70-BFFA-039509B035B5}.Debug|Any CPU.Build.0 = Debug|Any CPU
		{A5139084-5F51-4D70-BFFA-039509B035B5}.Release|Any CPU.ActiveCfg = Release|Any CPU
		{A5139084-5F51-4D70-BFFA-039509B035B5}.Release|Any CPU.Build.0 = Release|Any CPU
		{DEB61CE0-5E55-46C5-B1F1-B699D48722D2}.Debug|Any CPU.ActiveCfg = Debug|Any CPU
		{DEB61CE0-5E55-46C5-B1F1-B699D48722D2}.Debug|Any CPU.Build.0 = Debug|Any CPU
		{DEB61CE0-5E55-46C5-B1F1-B699D48722D2}.Release|Any CPU.ActiveCfg = Release|Any CPU
		{DEB61CE0-5E55-46C5-B1F1-B699D48722D2}.Release|Any CPU.Build.0 = Release|Any CPU
		{74D477EF-DA8B-4BAE-8A49-C33428D845CC}.Debug|Any CPU.ActiveCfg = Debug|Any CPU
		{74D477EF-DA8B-4BAE-8A49-C33428D845CC}.Debug|Any CPU.Build.0 = Debug|Any CPU
		{74D477EF-DA8B-4BAE-8A49-C33428D845CC}.Release|Any CPU.ActiveCfg = Release|Any CPU
		{74D477EF-DA8B-4BAE-8A49-C33428D845CC}.Release|Any CPU.Build.0 = Release|Any CPU
		{FA50CE06-2239-45BF-8678-70C820E0996C}.Debug|Any CPU.ActiveCfg = Debug|Any CPU
		{FA50CE06-2239-45BF-8678-70C820E0996C}.Debug|Any CPU.Build.0 = Debug|Any CPU
		{FA50CE06-2239-45BF-8678-70C820E0996C}.Release|Any CPU.ActiveCfg = Release|Any CPU
		{FA50CE06-2239-45BF-8678-70C820E0996C}.Release|Any CPU.Build.0 = Release|Any CPU
		{43F052E4-458B-4A9C-B505-78CFE8A4E86D}.Debug|Any CPU.ActiveCfg = Debug|Any CPU
		{43F052E4-458B-4A9C-B505-78CFE8A4E86D}.Debug|Any CPU.Build.0 = Debug|Any CPU
		{43F052E4-458B-4A9C-B505-78CFE8A4E86D}.Release|Any CPU.ActiveCfg = Release|Any CPU
		{43F052E4-458B-4A9C-B505-78CFE8A4E86D}.Release|Any CPU.Build.0 = Release|Any CPU
		{0AD0F2E9-26E1-4D57-81E4-60806F31E8CB}.Debug|Any CPU.ActiveCfg = Debug|Any CPU
		{0AD0F2E9-26E1-4D57-81E4-60806F31E8CB}.Debug|Any CPU.Build.0 = Debug|Any CPU
		{0AD0F2E9-26E1-4D57-81E4-60806F31E8CB}.Release|Any CPU.ActiveCfg = Release|Any CPU
		{0AD0F2E9-26E1-4D57-81E4-60806F31E8CB}.Release|Any CPU.Build.0 = Release|Any CPU
		{6205E7D4-7196-440A-B3CF-3BCAF83066CC}.Debug|Any CPU.ActiveCfg = Debug|Any CPU
		{6205E7D4-7196-440A-B3CF-3BCAF83066CC}.Debug|Any CPU.Build.0 = Debug|Any CPU
		{6205E7D4-7196-440A-B3CF-3BCAF83066CC}.Release|Any CPU.ActiveCfg = Release|Any CPU
		{6205E7D4-7196-440A-B3CF-3BCAF83066CC}.Release|Any CPU.Build.0 = Release|Any CPU
		{EFBB9D59-7B5F-4627-98FA-C654DE5F04E7}.Debug|Any CPU.ActiveCfg = Debug|Any CPU
		{EFBB9D59-7B5F-4627-98FA-C654DE5F04E7}.Debug|Any CPU.Build.0 = Debug|Any CPU
		{EFBB9D59-7B5F-4627-98FA-C654DE5F04E7}.Release|Any CPU.ActiveCfg = Release|Any CPU
		{EFBB9D59-7B5F-4627-98FA-C654DE5F04E7}.Release|Any CPU.Build.0 = Release|Any CPU
		{8FBF1442-EA45-4152-95E7-23F8E5158B54}.Debug|Any CPU.ActiveCfg = Debug|Any CPU
		{8FBF1442-EA45-4152-95E7-23F8E5158B54}.Debug|Any CPU.Build.0 = Debug|Any CPU
		{8FBF1442-EA45-4152-95E7-23F8E5158B54}.Release|Any CPU.ActiveCfg = Release|Any CPU
		{8FBF1442-EA45-4152-95E7-23F8E5158B54}.Release|Any CPU.Build.0 = Release|Any CPU
		{96E62483-060E-4932-85F5-DFE70541B0AE}.Debug|Any CPU.ActiveCfg = Debug|Any CPU
		{96E62483-060E-4932-85F5-DFE70541B0AE}.Debug|Any CPU.Build.0 = Debug|Any CPU
		{96E62483-060E-4932-85F5-DFE70541B0AE}.Release|Any CPU.ActiveCfg = Release|Any CPU
		{96E62483-060E-4932-85F5-DFE70541B0AE}.Release|Any CPU.Build.0 = Release|Any CPU
		{8AFC1449-995C-4BD5-91F2-BDD8F78AF5F5}.Debug|Any CPU.ActiveCfg = Debug|Any CPU
		{8AFC1449-995C-4BD5-91F2-BDD8F78AF5F5}.Debug|Any CPU.Build.0 = Debug|Any CPU
		{8AFC1449-995C-4BD5-91F2-BDD8F78AF5F5}.Release|Any CPU.ActiveCfg = Release|Any CPU
		{8AFC1449-995C-4BD5-91F2-BDD8F78AF5F5}.Release|Any CPU.Build.0 = Release|Any CPU
		{0A970EA7-B21C-4A7E-8DB6-25C9D762C3B6}.Debug|Any CPU.ActiveCfg = Debug|Any CPU
		{0A970EA7-B21C-4A7E-8DB6-25C9D762C3B6}.Debug|Any CPU.Build.0 = Debug|Any CPU
		{0A970EA7-B21C-4A7E-8DB6-25C9D762C3B6}.Release|Any CPU.ActiveCfg = Release|Any CPU
		{0A970EA7-B21C-4A7E-8DB6-25C9D762C3B6}.Release|Any CPU.Build.0 = Release|Any CPU
		{E3780258-AA0C-489A-85D7-1C9E4CBA0A38}.Debug|Any CPU.ActiveCfg = Debug|Any CPU
		{E3780258-AA0C-489A-85D7-1C9E4CBA0A38}.Debug|Any CPU.Build.0 = Debug|Any CPU
		{E3780258-AA0C-489A-85D7-1C9E4CBA0A38}.Release|Any CPU.ActiveCfg = Release|Any CPU
		{E3780258-AA0C-489A-85D7-1C9E4CBA0A38}.Release|Any CPU.Build.0 = Release|Any CPU
		{4D90CF46-6745-4A51-87D1-C60E6D60A0F2}.Debug|Any CPU.ActiveCfg = Debug|Any CPU
		{4D90CF46-6745-4A51-87D1-C60E6D60A0F2}.Debug|Any CPU.Build.0 = Debug|Any CPU
		{4D90CF46-6745-4A51-87D1-C60E6D60A0F2}.Release|Any CPU.ActiveCfg = Release|Any CPU
		{4D90CF46-6745-4A51-87D1-C60E6D60A0F2}.Release|Any CPU.Build.0 = Release|Any CPU
		{4333837B-671C-4893-93A9-35D5377BF665}.Debug|Any CPU.ActiveCfg = Debug|Any CPU
		{4333837B-671C-4893-93A9-35D5377BF665}.Debug|Any CPU.Build.0 = Debug|Any CPU
		{4333837B-671C-4893-93A9-35D5377BF665}.Release|Any CPU.ActiveCfg = Release|Any CPU
		{4333837B-671C-4893-93A9-35D5377BF665}.Release|Any CPU.Build.0 = Release|Any CPU
		{427695BB-4322-412F-BD20-C693EA7627D8}.Debug|Any CPU.ActiveCfg = Debug|Any CPU
		{427695BB-4322-412F-BD20-C693EA7627D8}.Debug|Any CPU.Build.0 = Debug|Any CPU
		{427695BB-4322-412F-BD20-C693EA7627D8}.Release|Any CPU.ActiveCfg = Release|Any CPU
		{427695BB-4322-412F-BD20-C693EA7627D8}.Release|Any CPU.Build.0 = Release|Any CPU
		{877ECA9A-5ED8-4282-ABF0-54AFBD3918D3}.Debug|Any CPU.ActiveCfg = Debug|Any CPU
		{877ECA9A-5ED8-4282-ABF0-54AFBD3918D3}.Debug|Any CPU.Build.0 = Debug|Any CPU
		{877ECA9A-5ED8-4282-ABF0-54AFBD3918D3}.Release|Any CPU.ActiveCfg = Release|Any CPU
		{877ECA9A-5ED8-4282-ABF0-54AFBD3918D3}.Release|Any CPU.Build.0 = Release|Any CPU
		{A2CB5BFA-8CB0-4DBF-9A47-5A0232C41181}.Debug|Any CPU.ActiveCfg = Debug|Any CPU
		{A2CB5BFA-8CB0-4DBF-9A47-5A0232C41181}.Debug|Any CPU.Build.0 = Debug|Any CPU
		{A2CB5BFA-8CB0-4DBF-9A47-5A0232C41181}.Release|Any CPU.ActiveCfg = Release|Any CPU
		{A2CB5BFA-8CB0-4DBF-9A47-5A0232C41181}.Release|Any CPU.Build.0 = Release|Any CPU
		{29F7A709-4DFB-4758-A8B3-1A7822F092F3}.Debug|Any CPU.ActiveCfg = Debug|Any CPU
		{29F7A709-4DFB-4758-A8B3-1A7822F092F3}.Debug|Any CPU.Build.0 = Debug|Any CPU
		{29F7A709-4DFB-4758-A8B3-1A7822F092F3}.Release|Any CPU.ActiveCfg = Release|Any CPU
		{29F7A709-4DFB-4758-A8B3-1A7822F092F3}.Release|Any CPU.Build.0 = Release|Any CPU
		{568721E4-17A8-470D-8837-7807BE920525}.Debug|Any CPU.ActiveCfg = Debug|Any CPU
		{568721E4-17A8-470D-8837-7807BE920525}.Debug|Any CPU.Build.0 = Debug|Any CPU
		{568721E4-17A8-470D-8837-7807BE920525}.Release|Any CPU.ActiveCfg = Release|Any CPU
		{568721E4-17A8-470D-8837-7807BE920525}.Release|Any CPU.Build.0 = Release|Any CPU
		{AFCFCF1B-78F9-404C-957E-CAAB01F0B609}.Debug|Any CPU.ActiveCfg = Debug|Any CPU
		{AFCFCF1B-78F9-404C-957E-CAAB01F0B609}.Debug|Any CPU.Build.0 = Debug|Any CPU
		{AFCFCF1B-78F9-404C-957E-CAAB01F0B609}.Release|Any CPU.ActiveCfg = Release|Any CPU
		{AFCFCF1B-78F9-404C-957E-CAAB01F0B609}.Release|Any CPU.Build.0 = Release|Any CPU
		{E61FCF4B-34D7-4EB3-B835-9225C8A51BA4}.Debug|Any CPU.ActiveCfg = Debug|Any CPU
		{E61FCF4B-34D7-4EB3-B835-9225C8A51BA4}.Debug|Any CPU.Build.0 = Debug|Any CPU
		{E61FCF4B-34D7-4EB3-B835-9225C8A51BA4}.Release|Any CPU.ActiveCfg = Release|Any CPU
		{E61FCF4B-34D7-4EB3-B835-9225C8A51BA4}.Release|Any CPU.Build.0 = Release|Any CPU
	EndGlobalSection
	GlobalSection(SolutionProperties) = preSolution
		HideSolutionNode = FALSE
	EndGlobalSection
	GlobalSection(NestedProjects) = preSolution
		{A5139084-5F51-4D70-BFFA-039509B035B5} = {DCB15140-5B57-413D-8FA4-85EAB9BB6F0C}
		{DEB61CE0-5E55-46C5-B1F1-B699D48722D2} = {7FE1344A-5A53-4E6D-92BB-45299C310F86}
		{74D477EF-DA8B-4BAE-8A49-C33428D845CC} = {5396A3B3-AB60-4FF3-B499-59F5BD16D4A5}
		{FA50CE06-2239-45BF-8678-70C820E0996C} = {CE6DC437-1328-44C9-B5E7-5A7F3DBD3EA5}
		{43F052E4-458B-4A9C-B505-78CFE8A4E86D} = {5396A3B3-AB60-4FF3-B499-59F5BD16D4A5}
		{0AD0F2E9-26E1-4D57-81E4-60806F31E8CB} = {5396A3B3-AB60-4FF3-B499-59F5BD16D4A5}
		{6205E7D4-7196-440A-B3CF-3BCAF83066CC} = {DCB15140-5B57-413D-8FA4-85EAB9BB6F0C}
		{EFBB9D59-7B5F-4627-98FA-C654DE5F04E7} = {DCB15140-5B57-413D-8FA4-85EAB9BB6F0C}
		{8FBF1442-EA45-4152-95E7-23F8E5158B54} = {DCB15140-5B57-413D-8FA4-85EAB9BB6F0C}
		{8AFC1449-995C-4BD5-91F2-BDD8F78AF5F5} = {DCB15140-5B57-413D-8FA4-85EAB9BB6F0C}
		{0A970EA7-B21C-4A7E-8DB6-25C9D762C3B6} = {DCB15140-5B57-413D-8FA4-85EAB9BB6F0C}
		{E3780258-AA0C-489A-85D7-1C9E4CBA0A38} = {7FE1344A-5A53-4E6D-92BB-45299C310F86}
		{4D90CF46-6745-4A51-87D1-C60E6D60A0F2} = {5396A3B3-AB60-4FF3-B499-59F5BD16D4A5}
		{4333837B-671C-4893-93A9-35D5377BF665} = {5AE2C5C5-DEA8-45C7-8B7D-9E481B7D701C}
		{427695BB-4322-412F-BD20-C693EA7627D8} = {5AE2C5C5-DEA8-45C7-8B7D-9E481B7D701C}
		{877ECA9A-5ED8-4282-ABF0-54AFBD3918D3} = {5396A3B3-AB60-4FF3-B499-59F5BD16D4A5}
		{A2CB5BFA-8CB0-4DBF-9A47-5A0232C41181} = {5AE2C5C5-DEA8-45C7-8B7D-9E481B7D701C}
		{29F7A709-4DFB-4758-A8B3-1A7822F092F3} = {5AE2C5C5-DEA8-45C7-8B7D-9E481B7D701C}
		{568721E4-17A8-470D-8837-7807BE920525} = {5396A3B3-AB60-4FF3-B499-59F5BD16D4A5}
		{AFCFCF1B-78F9-404C-957E-CAAB01F0B609} = {5AE2C5C5-DEA8-45C7-8B7D-9E481B7D701C}
		{E61FCF4B-34D7-4EB3-B835-9225C8A51BA4} = {5396A3B3-AB60-4FF3-B499-59F5BD16D4A5}
	EndGlobalSection
	GlobalSection(ExtensibilityGlobals) = postSolution
		SolutionGuid = {112D1B39-C705-441D-BF7A-0DE30FA85509}
	EndGlobalSection
EndGlobal
